
Microsoft Visual Studio Solution File, Format Version 12.00
# Visual Studio Version 16
VisualStudioVersion = 16.0.31911.196
MinimumVisualStudioVersion = 10.0.40219.1
Project("{FAE04EC0-301F-11D3-BF4B-00C04F79EFBC}") = "AssignmentSplit", "AssignmentSplit\AssignmentSplit.csproj", "{3AC84D35-67E8-474E-90EF-154EA13BBBFC}"
EndProject
Global
	GlobalSection(SolutionConfigurationPlatforms) = preSolution
		Debug|Any CPU = Debug|Any CPU
		Release|Any CPU = Release|Any CPU
	EndGlobalSection
	GlobalSection(ProjectConfigurationPlatforms) = postSolution
		{3AC84D35-67E8-474E-90EF-154EA13BBBFC}.Debug|Any CPU.ActiveCfg = Debug|Any CPU
		{3AC84D35-67E8-474E-90EF-154EA13BBBFC}.Debug|Any CPU.Build.0 = Debug|Any CPU
		{3AC84D35-67E8-474E-90EF-154EA13BBBFC}.Release|Any CPU.ActiveCfg = Release|Any CPU
		{3AC84D35-67E8-474E-90EF-154EA13BBBFC}.Release|Any CPU.Build.0 = Release|Any CPU
	EndGlobalSection
	GlobalSection(SolutionProperties) = preSolution
		HideSolutionNode = FALSE
	EndGlobalSection
	GlobalSection(ExtensibilityGlobals) = postSolution
		SolutionGuid = {DFEAF31B-88FF-42E3-B36B-42CF649828F1}
	EndGlobalSection
EndGlobal
