
Microsoft Visual Studio Solution File, Format Version 12.00
# Visual Studio Version 16
VisualStudioVersion = 16.0.31911.196
MinimumVisualStudioVersion = 10.0.40219.1
Project("{FAE04EC0-301F-11D3-BF4B-00C04F79EFBC}") = "split", "split\split.csproj", "{0B3A576F-E4A9-44C0-9AC8-3F394999D369}"
EndProject
Global
	GlobalSection(SolutionConfigurationPlatforms) = preSolution
		Debug|Any CPU = Debug|Any CPU
		Release|Any CPU = Release|Any CPU
	EndGlobalSection
	GlobalSection(ProjectConfigurationPlatforms) = postSolution
		{0B3A576F-E4A9-44C0-9AC8-3F394999D369}.Debug|Any CPU.ActiveCfg = Debug|Any CPU
		{0B3A576F-E4A9-44C0-9AC8-3F394999D369}.Debug|Any CPU.Build.0 = Debug|Any CPU
		{0B3A576F-E4A9-44C0-9AC8-3F394999D369}.Release|Any CPU.ActiveCfg = Release|Any CPU
		{0B3A576F-E4A9-44C0-9AC8-3F394999D369}.Release|Any CPU.Build.0 = Release|Any CPU
	EndGlobalSection
	GlobalSection(SolutionProperties) = preSolution
		HideSolutionNode = FALSE
	EndGlobalSection
	GlobalSection(ExtensibilityGlobals) = postSolution
		SolutionGuid = {F50489F1-04E7-43F7-BB3F-D5DAAB95128B}
	EndGlobalSection
EndGlobal
