
Microsoft Visual Studio Solution File, Format Version 12.00
# Visual Studio Version 16
VisualStudioVersion = 16.0.31911.196
MinimumVisualStudioVersion = 10.0.40219.1
Project("{FAE04EC0-301F-11D3-BF4B-00C04F79EFBC}") = "ListHnadson2", "ListHnadson2\ListHnadson2.csproj", "{50E21489-AA98-408E-B550-300232988F7C}"
EndProject
Global
	GlobalSection(SolutionConfigurationPlatforms) = preSolution
		Debug|Any CPU = Debug|Any CPU
		Release|Any CPU = Release|Any CPU
	EndGlobalSection
	GlobalSection(ProjectConfigurationPlatforms) = postSolution
		{50E21489-AA98-408E-B550-300232988F7C}.Debug|Any CPU.ActiveCfg = Debug|Any CPU
		{50E21489-AA98-408E-B550-300232988F7C}.Debug|Any CPU.Build.0 = Debug|Any CPU
		{50E21489-AA98-408E-B550-300232988F7C}.Release|Any CPU.ActiveCfg = Release|Any CPU
		{50E21489-AA98-408E-B550-300232988F7C}.Release|Any CPU.Build.0 = Release|Any CPU
	EndGlobalSection
	GlobalSection(SolutionProperties) = preSolution
		HideSolutionNode = FALSE
	EndGlobalSection
	GlobalSection(ExtensibilityGlobals) = postSolution
		SolutionGuid = {289DD270-0FAF-43CC-B351-2745F70FE7FE}
	EndGlobalSection
EndGlobal
