
Microsoft Visual Studio Solution File, Format Version 12.00
# Visual Studio Version 16
VisualStudioVersion = 16.0.31911.196
MinimumVisualStudioVersion = 10.0.40219.1
Project("{FAE04EC0-301F-11D3-BF4B-00C04F79EFBC}") = "queueHandson", "queueHandson\queueHandson.csproj", "{E2FA0D7B-897F-49DC-97F3-E6A55BC46107}"
EndProject
Global
	GlobalSection(SolutionConfigurationPlatforms) = preSolution
		Debug|Any CPU = Debug|Any CPU
		Release|Any CPU = Release|Any CPU
	EndGlobalSection
	GlobalSection(ProjectConfigurationPlatforms) = postSolution
		{E2FA0D7B-897F-49DC-97F3-E6A55BC46107}.Debug|Any CPU.ActiveCfg = Debug|Any CPU
		{E2FA0D7B-897F-49DC-97F3-E6A55BC46107}.Debug|Any CPU.Build.0 = Debug|Any CPU
		{E2FA0D7B-897F-49DC-97F3-E6A55BC46107}.Release|Any CPU.ActiveCfg = Release|Any CPU
		{E2FA0D7B-897F-49DC-97F3-E6A55BC46107}.Release|Any CPU.Build.0 = Release|Any CPU
	EndGlobalSection
	GlobalSection(SolutionProperties) = preSolution
		HideSolutionNode = FALSE
	EndGlobalSection
	GlobalSection(ExtensibilityGlobals) = postSolution
		SolutionGuid = {E5847127-CA60-420B-A136-C705EC871FB2}
	EndGlobalSection
EndGlobal
