
Microsoft Visual Studio Solution File, Format Version 12.00
# Visual Studio Version 16
VisualStudioVersion = 16.0.31911.196
MinimumVisualStudioVersion = 10.0.40219.1
Project("{FAE04EC0-301F-11D3-BF4B-00C04F79EFBC}") = "HashTable2", "HashTable2\HashTable2.csproj", "{D48E2EDE-F8E7-414B-9F7A-F8B33F3B1790}"
EndProject
Global
	GlobalSection(SolutionConfigurationPlatforms) = preSolution
		Debug|Any CPU = Debug|Any CPU
		Release|Any CPU = Release|Any CPU
	EndGlobalSection
	GlobalSection(ProjectConfigurationPlatforms) = postSolution
		{D48E2EDE-F8E7-414B-9F7A-F8B33F3B1790}.Debug|Any CPU.ActiveCfg = Debug|Any CPU
		{D48E2EDE-F8E7-414B-9F7A-F8B33F3B1790}.Debug|Any CPU.Build.0 = Debug|Any CPU
		{D48E2EDE-F8E7-414B-9F7A-F8B33F3B1790}.Release|Any CPU.ActiveCfg = Release|Any CPU
		{D48E2EDE-F8E7-414B-9F7A-F8B33F3B1790}.Release|Any CPU.Build.0 = Release|Any CPU
	EndGlobalSection
	GlobalSection(SolutionProperties) = preSolution
		HideSolutionNode = FALSE
	EndGlobalSection
	GlobalSection(ExtensibilityGlobals) = postSolution
		SolutionGuid = {6A011115-25A0-470D-B363-2376B937ACD4}
	EndGlobalSection
EndGlobal
