
Microsoft Visual Studio Solution File, Format Version 12.00
# Visual Studio Version 16
VisualStudioVersion = 16.0.31911.196
MinimumVisualStudioVersion = 10.0.40219.1
Project("{FAE04EC0-301F-11D3-BF4B-00C04F79EFBC}") = "HouseProgram", "HouseProgram\HouseProgram.csproj", "{69F509A5-E1AF-49C4-B955-A0822B9092A2}"
EndProject
Global
	GlobalSection(SolutionConfigurationPlatforms) = preSolution
		Debug|Any CPU = Debug|Any CPU
		Release|Any CPU = Release|Any CPU
	EndGlobalSection
	GlobalSection(ProjectConfigurationPlatforms) = postSolution
		{69F509A5-E1AF-49C4-B955-A0822B9092A2}.Debug|Any CPU.ActiveCfg = Debug|Any CPU
		{69F509A5-E1AF-49C4-B955-A0822B9092A2}.Debug|Any CPU.Build.0 = Debug|Any CPU
		{69F509A5-E1AF-49C4-B955-A0822B9092A2}.Release|Any CPU.ActiveCfg = Release|Any CPU
		{69F509A5-E1AF-49C4-B955-A0822B9092A2}.Release|Any CPU.Build.0 = Release|Any CPU
	EndGlobalSection
	GlobalSection(SolutionProperties) = preSolution
		HideSolutionNode = FALSE
	EndGlobalSection
	GlobalSection(ExtensibilityGlobals) = postSolution
		SolutionGuid = {D8A5534E-52F4-4A15-B492-607ACA2B48DA}
	EndGlobalSection
EndGlobal
