
Microsoft Visual Studio Solution File, Format Version 12.00
# Visual Studio Version 16
VisualStudioVersion = 16.0.31911.196
MinimumVisualStudioVersion = 10.0.40219.1
Project("{FAE04EC0-301F-11D3-BF4B-00C04F79EFBC}") = "NewPracticeConsoleApp5", "NewPracticeConsoleApp5\NewPracticeConsoleApp5.csproj", "{22AFBAC1-B91E-470A-962C-512DBAEF677E}"
EndProject
Global
	GlobalSection(SolutionConfigurationPlatforms) = preSolution
		Debug|Any CPU = Debug|Any CPU
		Release|Any CPU = Release|Any CPU
	EndGlobalSection
	GlobalSection(ProjectConfigurationPlatforms) = postSolution
		{22AFBAC1-B91E-470A-962C-512DBAEF677E}.Debug|Any CPU.ActiveCfg = Debug|Any CPU
		{22AFBAC1-B91E-470A-962C-512DBAEF677E}.Debug|Any CPU.Build.0 = Debug|Any CPU
		{22AFBAC1-B91E-470A-962C-512DBAEF677E}.Release|Any CPU.ActiveCfg = Release|Any CPU
		{22AFBAC1-B91E-470A-962C-512DBAEF677E}.Release|Any CPU.Build.0 = Release|Any CPU
	EndGlobalSection
	GlobalSection(SolutionProperties) = preSolution
		HideSolutionNode = FALSE
	EndGlobalSection
	GlobalSection(ExtensibilityGlobals) = postSolution
		SolutionGuid = {766E160C-3794-4530-AA01-20A93D62AF6F}
	EndGlobalSection
EndGlobal
