
Microsoft Visual Studio Solution File, Format Version 12.00
# Visual Studio Version 16
VisualStudioVersion = 16.0.31911.196
MinimumVisualStudioVersion = 10.0.40219.1
Project("{FAE04EC0-301F-11D3-BF4B-00C04F79EFBC}") = "m1test", "m1test\m1test.csproj", "{3A8932FB-B87A-4E3C-A41B-67A15FE8EFD7}"
EndProject
Global
	GlobalSection(SolutionConfigurationPlatforms) = preSolution
		Debug|Any CPU = Debug|Any CPU
		Release|Any CPU = Release|Any CPU
	EndGlobalSection
	GlobalSection(ProjectConfigurationPlatforms) = postSolution
		{3A8932FB-B87A-4E3C-A41B-67A15FE8EFD7}.Debug|Any CPU.ActiveCfg = Debug|Any CPU
		{3A8932FB-B87A-4E3C-A41B-67A15FE8EFD7}.Debug|Any CPU.Build.0 = Debug|Any CPU
		{3A8932FB-B87A-4E3C-A41B-67A15FE8EFD7}.Release|Any CPU.ActiveCfg = Release|Any CPU
		{3A8932FB-B87A-4E3C-A41B-67A15FE8EFD7}.Release|Any CPU.Build.0 = Release|Any CPU
	EndGlobalSection
	GlobalSection(SolutionProperties) = preSolution
		HideSolutionNode = FALSE
	EndGlobalSection
	GlobalSection(ExtensibilityGlobals) = postSolution
		SolutionGuid = {C4B6FEE9-CA86-4E29-9CB5-570BC273CE58}
	EndGlobalSection
EndGlobal
