
Microsoft Visual Studio Solution File, Format Version 12.00
# Visual Studio Version 16
VisualStudioVersion = 16.0.31911.196
MinimumVisualStudioVersion = 10.0.40219.1
Project("{FAE04EC0-301F-11D3-BF4B-00C04F79EFBC}") = "Assignment2", "Assignment2\Assignment2.csproj", "{5A325D7C-334D-48C4-A216-29178D318816}"
EndProject
Global
	GlobalSection(SolutionConfigurationPlatforms) = preSolution
		Debug|Any CPU = Debug|Any CPU
		Release|Any CPU = Release|Any CPU
	EndGlobalSection
	GlobalSection(ProjectConfigurationPlatforms) = postSolution
		{5A325D7C-334D-48C4-A216-29178D318816}.Debug|Any CPU.ActiveCfg = Debug|Any CPU
		{5A325D7C-334D-48C4-A216-29178D318816}.Debug|Any CPU.Build.0 = Debug|Any CPU
		{5A325D7C-334D-48C4-A216-29178D318816}.Release|Any CPU.ActiveCfg = Release|Any CPU
		{5A325D7C-334D-48C4-A216-29178D318816}.Release|Any CPU.Build.0 = Release|Any CPU
	EndGlobalSection
	GlobalSection(SolutionProperties) = preSolution
		HideSolutionNode = FALSE
	EndGlobalSection
	GlobalSection(ExtensibilityGlobals) = postSolution
		SolutionGuid = {23C0988E-AD93-4EB4-905B-7231C05FAA4B}
	EndGlobalSection
EndGlobal
