
Microsoft Visual Studio Solution File, Format Version 12.00
# Visual Studio Version 16
VisualStudioVersion = 16.0.31911.196
MinimumVisualStudioVersion = 10.0.40219.1
Project("{FAE04EC0-301F-11D3-BF4B-00C04F79EFBC}") = "RemoteControlCarr", "RemoteControlCarr\RemoteControlCarr.csproj", "{FB5FF887-0C75-4FBB-B038-359CC2EEFABD}"
EndProject
Global
	GlobalSection(SolutionConfigurationPlatforms) = preSolution
		Debug|Any CPU = Debug|Any CPU
		Release|Any CPU = Release|Any CPU
	EndGlobalSection
	GlobalSection(ProjectConfigurationPlatforms) = postSolution
		{FB5FF887-0C75-4FBB-B038-359CC2EEFABD}.Debug|Any CPU.ActiveCfg = Debug|Any CPU
		{FB5FF887-0C75-4FBB-B038-359CC2EEFABD}.Debug|Any CPU.Build.0 = Debug|Any CPU
		{FB5FF887-0C75-4FBB-B038-359CC2EEFABD}.Release|Any CPU.ActiveCfg = Release|Any CPU
		{FB5FF887-0C75-4FBB-B038-359CC2EEFABD}.Release|Any CPU.Build.0 = Release|Any CPU
	EndGlobalSection
	GlobalSection(SolutionProperties) = preSolution
		HideSolutionNode = FALSE
	EndGlobalSection
	GlobalSection(ExtensibilityGlobals) = postSolution
		SolutionGuid = {C94A5915-C7CF-4D50-B329-BC6B0FF97B4A}
	EndGlobalSection
EndGlobal
