
Microsoft Visual Studio Solution File, Format Version 12.00
# Visual Studio Version 16
VisualStudioVersion = 16.0.31911.196
MinimumVisualStudioVersion = 10.0.40219.1
Project("{FAE04EC0-301F-11D3-BF4B-00C04F79EFBC}") = "ArraylistHands_on", "ArraylistHands_on\ArraylistHands_on.csproj", "{6A4A2D57-B0C7-432F-A2AA-41333A20486B}"
EndProject
Global
	GlobalSection(SolutionConfigurationPlatforms) = preSolution
		Debug|Any CPU = Debug|Any CPU
		Release|Any CPU = Release|Any CPU
	EndGlobalSection
	GlobalSection(ProjectConfigurationPlatforms) = postSolution
		{6A4A2D57-B0C7-432F-A2AA-41333A20486B}.Debug|Any CPU.ActiveCfg = Debug|Any CPU
		{6A4A2D57-B0C7-432F-A2AA-41333A20486B}.Debug|Any CPU.Build.0 = Debug|Any CPU
		{6A4A2D57-B0C7-432F-A2AA-41333A20486B}.Release|Any CPU.ActiveCfg = Release|Any CPU
		{6A4A2D57-B0C7-432F-A2AA-41333A20486B}.Release|Any CPU.Build.0 = Release|Any CPU
	EndGlobalSection
	GlobalSection(SolutionProperties) = preSolution
		HideSolutionNode = FALSE
	EndGlobalSection
	GlobalSection(ExtensibilityGlobals) = postSolution
		SolutionGuid = {DD5F9684-8A23-4658-9789-BF436005FB3B}
	EndGlobalSection
EndGlobal
